
Microsoft Visual Studio Solution File, Format Version 12.00
# Visual Studio Version 17
VisualStudioVersion = 17.7.34221.43
MinimumVisualStudioVersion = 10.0.40219.1
Project("{FAE04EC0-301F-11D3-BF4B-00C04F79EFBC}") = "AssemCompiler", "AssemCompiler\AssemCompiler.csproj", "{8A5CF6F2-5C66-4E97-A1F2-0A5CBB52FCFD}"
EndProject
Global
	GlobalSection(SolutionConfigurationPlatforms) = preSolution
		Debug|Any CPU = Debug|Any CPU
		Release|Any CPU = Release|Any CPU
	EndGlobalSection
	GlobalSection(ProjectConfigurationPlatforms) = postSolution
		{8A5CF6F2-5C66-4E97-A1F2-0A5CBB52FCFD}.Debug|Any CPU.ActiveCfg = Debug|Any CPU
		{8A5CF6F2-5C66-4E97-A1F2-0A5CBB52FCFD}.Debug|Any CPU.Build.0 = Debug|Any CPU
		{8A5CF6F2-5C66-4E97-A1F2-0A5CBB52FCFD}.Release|Any CPU.ActiveCfg = Release|Any CPU
		{8A5CF6F2-5C66-4E97-A1F2-0A5CBB52FCFD}.Release|Any CPU.Build.0 = Release|Any CPU
	EndGlobalSection
	GlobalSection(SolutionProperties) = preSolution
		HideSolutionNode = FALSE
	EndGlobalSection
	GlobalSection(ExtensibilityGlobals) = postSolution
		SolutionGuid = {221860B6-A6C3-4342-9412-361708977BE2}
	EndGlobalSection
EndGlobal
